// !$*UTF8*$!
{
	archiveVersion = 1;
	classes = {
	};
	objectVersion = 46;
	objects = {

/* Begin PBXBuildFile section */
		D4385A3D1B8E04B900979F20 /* AppDelegate.swift in Sources */ = {isa = PBXBuildFile; fileRef = D4385A3C1B8E04B900979F20 /* AppDelegate.swift */; };
		D4385A3F1B8E04B900979F20 /* ViewController.swift in Sources */ = {isa = PBXBuildFile; fileRef = D4385A3E1B8E04B900979F20 /* ViewController.swift */; };
		D4385A421B8E04B900979F20 /* Main.storyboard in Resources */ = {isa = PBXBuildFile; fileRef = D4385A401B8E04B900979F20 /* Main.storyboard */; };
		D4385A441B8E04B900979F20 /* Images.xcassets in Resources */ = {isa = PBXBuildFile; fileRef = D4385A431B8E04B900979F20 /* Images.xcassets */; };
		D4385A471B8E04B900979F20 /* LaunchScreen.xib in Resources */ = {isa = PBXBuildFile; fileRef = D4385A451B8E04B900979F20 /* LaunchScreen.xib */; };
		D4385A531B8E04B900979F20 /* Schlu_sselTests.swift in Sources */ = {isa = PBXBuildFile; fileRef = D4385A521B8E04B900979F20 /* Schlu_sselTests.swift */; };
/* End PBXBuildFile section */

/* Begin PBXContainerItemProxy section */
		D4385A4D1B8E04B900979F20 /* PBXContainerItemProxy */ = {
			isa = PBXContainerItemProxy;
			containerPortal = D4385A2F1B8E04B900979F20 /* Project object */;
			proxyType = 1;
			remoteGlobalIDString = D4385A361B8E04B900979F20;
			remoteInfo = "Schlüssel";
		};
/* End PBXContainerItemProxy section */

/* Begin PBXFileReference section */
		D4385A371B8E04B900979F20 /* Schlüssel.app */ = {isa = PBXFileReference; explicitFileType = wrapper.application; includeInIndex = 0; path = "Schlüssel.app"; sourceTree = BUILT_PRODUCTS_DIR; };
		D4385A3B1B8E04B900979F20 /* Info.plist */ = {isa = PBXFileReference; lastKnownFileType = text.plist.xml; path = Info.plist; sourceTree = "<group>"; };
		D4385A3C1B8E04B900979F20 /* AppDelegate.swift */ = {isa = PBXFileReference; lastKnownFileType = sourcecode.swift; path = AppDelegate.swift; sourceTree = "<group>"; };
		D4385A3E1B8E04B900979F20 /* ViewController.swift */ = {isa = PBXFileReference; lastKnownFileType = sourcecode.swift; path = ViewController.swift; sourceTree = "<group>"; };
		D4385A411B8E04B900979F20 /* Base */ = {isa = PBXFileReference; lastKnownFileType = file.storyboard; name = Base; path = Base.lproj/Main.storyboard; sourceTree = "<group>"; };
		D4385A431B8E04B900979F20 /* Images.xcassets */ = {isa = PBXFileReference; lastKnownFileType = folder.assetcatalog; path = Images.xcassets; sourceTree = "<group>"; };
		D4385A461B8E04B900979F20 /* Base */ = {isa = PBXFileReference; lastKnownFileType = file.xib; name = Base; path = Base.lproj/LaunchScreen.xib; sourceTree = "<group>"; };
		D4385A4C1B8E04B900979F20 /* SchlüsselTests.xctest */ = {isa = PBXFileReference; explicitFileType = wrapper.cfbundle; includeInIndex = 0; path = "SchlüsselTests.xctest"; sourceTree = BUILT_PRODUCTS_DIR; };
		D4385A511B8E04B900979F20 /* Info.plist */ = {isa = PBXFileReference; lastKnownFileType = text.plist.xml; path = Info.plist; sourceTree = "<group>"; };
		D4385A521B8E04B900979F20 /* Schlu_sselTests.swift */ = {isa = PBXFileReference; lastKnownFileType = sourcecode.swift; path = Schlu_sselTests.swift; sourceTree = "<group>"; };
/* End PBXFileReference section */

/* Begin PBXFrameworksBuildPhase section */
		D4385A341B8E04B900979F20 /* Frameworks */ = {
			isa = PBXFrameworksBuildPhase;
			buildActionMask = 2147483647;
			files = (
			);
			runOnlyForDeploymentPostprocessing = 0;
		};
		D4385A491B8E04B900979F20 /* Frameworks */ = {
			isa = PBXFrameworksBuildPhase;
			buildActionMask = 2147483647;
			files = (
			);
			runOnlyForDeploymentPostprocessing = 0;
		};
/* End PBXFrameworksBuildPhase section */

/* Begin PBXGroup section */
		D4385A2E1B8E04B800979F20 = {
			isa = PBXGroup;
			children = (
				D4385A391B8E04B900979F20 /* Schlüssel */,
				D4385A4F1B8E04B900979F20 /* SchlüsselTests */,
				D4385A381B8E04B900979F20 /* Products */,
			);
			sourceTree = "<group>";
		};
		D4385A381B8E04B900979F20 /* Products */ = {
			isa = PBXGroup;
			children = (
				D4385A371B8E04B900979F20 /* Schlüssel.app */,
				D4385A4C1B8E04B900979F20 /* SchlüsselTests.xctest */,
			);
			name = Products;
			sourceTree = "<group>";
		};
		D4385A391B8E04B900979F20 /* Schlüssel */ = {
			isa = PBXGroup;
			children = (
				D4385A3C1B8E04B900979F20 /* AppDelegate.swift */,
				D4385A3E1B8E04B900979F20 /* ViewController.swift */,
				D4385A401B8E04B900979F20 /* Main.storyboard */,
				D4385A431B8E04B900979F20 /* Images.xcassets */,
				D4385A451B8E04B900979F20 /* LaunchScreen.xib */,
				D4385A3A1B8E04B900979F20 /* Supporting Files */,
			);
			path = "Schlüssel";
			sourceTree = "<group>";
		};
		D4385A3A1B8E04B900979F20 /* Supporting Files */ = {
			isa = PBXGroup;
			children = (
				D4385A3B1B8E04B900979F20 /* Info.plist */,
			);
			name = "Supporting Files";
			sourceTree = "<group>";
		};
		D4385A4F1B8E04B900979F20 /* SchlüsselTests */ = {
			isa = PBXGroup;
			children = (
				D4385A521B8E04B900979F20 /* Schlu_sselTests.swift */,
				D4385A501B8E04B900979F20 /* Supporting Files */,
			);
			path = "SchlüsselTests";
			sourceTree = "<group>";
		};
		D4385A501B8E04B900979F20 /* Supporting Files */ = {
			isa = PBXGroup;
			children = (
				D4385A511B8E04B900979F20 /* Info.plist */,
			);
			name = "Supporting Files";
			sourceTree = "<group>";
		};
/* End PBXGroup section */

/* Begin PBXNativeTarget section */
		D4385A361B8E04B900979F20 /* Schlüssel */ = {
			isa = PBXNativeTarget;
			buildConfigurationList = D4385A561B8E04B900979F20 /* Build configuration list for PBXNativeTarget "Schlüssel" */;
			buildPhases = (
				D4385A331B8E04B900979F20 /* Sources */,
				D4385A341B8E04B900979F20 /* Frameworks */,
				D4385A351B8E04B900979F20 /* Resources */,
			);
			buildRules = (
			);
			dependencies = (
			);
			name = "Schlüssel";
			productName = "Schlüssel";
			productReference = D4385A371B8E04B900979F20 /* Schlüssel.app */;
			productType = "com.apple.product-type.application";
		};
		D4385A4B1B8E04B900979F20 /* SchlüsselTests */ = {
			isa = PBXNativeTarget;
			buildConfigurationList = D4385A591B8E04B900979F20 /* Build configuration list for PBXNativeTarget "SchlüsselTests" */;
			buildPhases = (
				D4385A481B8E04B900979F20 /* Sources */,
				D4385A491B8E04B900979F20 /* Frameworks */,
				D4385A4A1B8E04B900979F20 /* Resources */,
			);
			buildRules = (
			);
			dependencies = (
				D4385A4E1B8E04B900979F20 /* PBXTargetDependency */,
			);
			name = "SchlüsselTests";
			productName = "SchlüsselTests";
			productReference = D4385A4C1B8E04B900979F20 /* SchlüsselTests.xctest */;
			productType = "com.apple.product-type.bundle.unit-test";
		};
/* End PBXNativeTarget section */

/* Begin PBXProject section */
		D4385A2F1B8E04B900979F20 /* Project object */ = {
			isa = PBXProject;
			attributes = {
				LastUpgradeCheck = 0640;
				ORGANIZATIONNAME = Philip;
				TargetAttributes = {
					D4385A361B8E04B900979F20 = {
						CreatedOnToolsVersion = 6.4;
					};
					D4385A4B1B8E04B900979F20 = {
						CreatedOnToolsVersion = 6.4;
						TestTargetID = D4385A361B8E04B900979F20;
					};
				};
			};
			buildConfigurationList = D4385A321B8E04B900979F20 /* Build configuration list for PBXProject "Schlüssel" */;
			compatibilityVersion = "Xcode 3.2";
			developmentRegion = English;
			hasScannedForEncodings = 0;
			knownRegions = (
				en,
				Base,
			);
			mainGroup = D4385A2E1B8E04B800979F20;
			productRefGroup = D4385A381B8E04B900979F20 /* Products */;
			projectDirPath = "";
			projectRoot = "";
			targets = (
				D4385A361B8E04B900979F20 /* Schlüssel */,
				D4385A4B1B8E04B900979F20 /* SchlüsselTests */,
			);
		};
/* End PBXProject section */

/* Begin PBXResourcesBuildPhase section */
		D4385A351B8E04B900979F20 /* Resources */ = {
			isa = PBXResourcesBuildPhase;
			buildActionMask = 2147483647;
			files = (
				D4385A421B8E04B900979F20 /* Main.storyboard in Resources */,
				D4385A471B8E04B900979F20 /* LaunchScreen.xib in Resources */,
				D4385A441B8E04B900979F20 /* Images.xcassets in Resources */,
			);
			runOnlyForDeploymentPostprocessing = 0;
		};
		D4385A4A1B8E04B900979F20 /* Resources */ = {
			isa = PBXResourcesBuildPhase;
			buildActionMask = 2147483647;
			files = (
			);
			runOnlyForDeploymentPostprocessing = 0;
		};
/* End PBXResourcesBuildPhase section */

/* Begin PBXSourcesBuildPhase section */
		D4385A331B8E04B900979F20 /* Sources */ = {
			isa = PBXSourcesBuildPhase;
			buildActionMask = 2147483647;
			files = (
				D4385A3F1B8E04B900979F20 /* ViewController.swift in Sources */,
				D4385A3D1B8E04B900979F20 /* AppDelegate.swift in Sources */,
			);
			runOnlyForDeploymentPostprocessing = 0;
		};
		D4385A481B8E04B900979F20 /* Sources */ = {
			isa = PBXSourcesBuildPhase;
			buildActionMask = 2147483647;
			files = (
				D4385A531B8E04B900979F20 /* Schlu_sselTests.swift in Sources */,
			);
			runOnlyForDeploymentPostprocessing = 0;
		};
/* End PBXSourcesBuildPhase section */

/* Begin PBXTargetDependency section */
		D4385A4E1B8E04B900979F20 /* PBXTargetDependency */ = {
			isa = PBXTargetDependency;
			target = D4385A361B8E04B900979F20 /* Schlüssel */;
			targetProxy = D4385A4D1B8E04B900979F20 /* PBXContainerItemProxy */;
		};
/* End PBXTargetDependency section */

/* Begin PBXVariantGroup section */
		D4385A401B8E04B900979F20 /* Main.storyboard */ = {
			isa = PBXVariantGroup;
			children = (
				D4385A411B8E04B900979F20 /* Base */,
			);
			name = Main.storyboard;
			sourceTree = "<group>";
		};
		D4385A451B8E04B900979F20 /* LaunchScreen.xib */ = {
			isa = PBXVariantGroup;
			children = (
				D4385A461B8E04B900979F20 /* Base */,
			);
			name = LaunchScreen.xib;
			sourceTree = "<group>";
		};
/* End PBXVariantGroup section */

/* Begin XCBuildConfiguration section */
		D4385A541B8E04B900979F20 /* Debug */ = {
			isa = XCBuildConfiguration;
			buildSettings = {
				ALWAYS_SEARCH_USER_PATHS = NO;
				CLANG_CXX_LANGUAGE_STANDARD = "gnu++0x";
				CLANG_CXX_LIBRARY = "libc++";
				CLANG_ENABLE_MODULES = YES;
				CLANG_ENABLE_OBJC_ARC = YES;
				CLANG_WARN_BOOL_CONVERSION = YES;
				CLANG_WARN_CONSTANT_CONVERSION = YES;
				CLANG_WARN_DIRECT_OBJC_ISA_USAGE = YES_ERROR;
				CLANG_WARN_EMPTY_BODY = YES;
				CLANG_WARN_ENUM_CONVERSION = YES;
				CLANG_WARN_INT_CONVERSION = YES;
				CLANG_WARN_OBJC_ROOT_CLASS = YES_ERROR;
				CLANG_WARN_UNREACHABLE_CODE = YES;
				CLANG_WARN__DUPLICATE_METHOD_MATCH = YES;
				"CODE_SIGN_IDENTITY[sdk=iphoneos*]" = "iPhone Developer";
				COPY_PHASE_STRIP = NO;
				DEBUG_INFORMATION_FORMAT = "dwarf-with-dsym";
				ENABLE_STRICT_OBJC_MSGSEND = YES;
				GCC_C_LANGUAGE_STANDARD = gnu99;
				GCC_DYNAMIC_NO_PIC = NO;
				GCC_NO_COMMON_BLOCKS = YES;
				GCC_OPTIMIZATION_LEVEL = 0;
				GCC_PREPROCESSOR_DEFINITIONS = (
					"DEBUG=1",
					"$(inherited)",
				);
				GCC_SYMBOLS_PRIVATE_EXTERN = NO;
				GCC_WARN_64_TO_32_BIT_CONVERSION = YES;
				GCC_WARN_ABOUT_RETURN_TYPE = YES_ERROR;
				GCC_WARN_UNDECLARED_SELECTOR = YES;
				GCC_WARN_UNINITIALIZED_AUTOS = YES_AGGRESSIVE;
				GCC_WARN_UNUSED_FUNCTION = YES;
				GCC_WARN_UNUSED_VARIABLE = YES;
				IPHONEOS_DEPLOYMENT_TARGET = 8.4;
				MTL_ENABLE_DEBUG_INFO = YES;
				ONLY_ACTIVE_ARCH = YES;
				SDKROOT = iphoneos;
				SWIFT_OPTIMIZATION_LEVEL = "-Onone";
				TARGETED_DEVICE_FAMILY = "1,2";
			};
			name = Debug;
		};
		D4385A551B8E04B900979F20 /* Release */ = {
			isa = XCBuildConfiguration;
			buildSettings = {
				ALWAYS_SEARCH_USER_PATHS = NO;
				CLANG_CXX_LANGUAGE_STANDARD = "gnu++0x";
				CLANG_CXX_LIBRARY = "libc++";
				CLANG_ENABLE_MODULES = YES;
				CLANG_ENABLE_OBJC_ARC = YES;
				CLANG_WARN_BOOL_CONVERSION = YES;
				CLANG_WARN_CONSTANT_CONVERSION = YES;
				CLANG_WARN_DIRECT_OBJC_ISA_USAGE = YES_ERROR;
				CLANG_WARN_EMPTY_BODY = YES;
				CLANG_WARN_ENUM_CONVERSION = YES;
				CLANG_WARN_INT_CONVERSION = YES;
				CLANG_WARN_OBJC_ROOT_CLASS = YES_ERROR;
				CLANG_WARN_UNREACHABLE_CODE = YES;
				CLANG_WARN__DUPLICATE_METHOD_MATCH = YES;
				"CODE_SIGN_IDENTITY[sdk=iphoneos*]" = "iPhone Developer";
				COPY_PHASE_STRIP = NO;
				DEBUG_INFORMATION_FORMAT = "dwarf-with-dsym";
				ENABLE_NS_ASSERTIONS = NO;
				ENABLE_STRICT_OBJC_MSGSEND = YES;
				GCC_C_LANGUAGE_STANDARD = gnu99;
				GCC_NO_COMMON_BLOCKS = YES;
				GCC_WARN_64_TO_32_BIT_CONVERSION = YES;
				GCC_WARN_ABOUT_RETURN_TYPE = YES_ERROR;
				GCC_WARN_UNDECLARED_SELECTOR = YES;
				GCC_WARN_UNINITIALIZED_AUTOS = YES_AGGRESSIVE;
				GCC_WARN_UNUSED_FUNCTION = YES;
				GCC_WARN_UNUSED_VARIABLE = YES;
				IPHONEOS_DEPLOYMENT_TARGET = 8.4;
				MTL_ENABLE_DEBUG_INFO = NO;
				SDKROOT = iphoneos;
				TARGETED_DEVICE_FAMILY = "1,2";
				VALIDATE_PRODUCT = YES;
			};
			name = Release;
		};
		D4385A571B8E04B900979F20 /* Debug */ = {
			isa = XCBuildConfiguration;
			buildSettings = {
				ASSETCATALOG_COMPILER_APPICON_NAME = AppIcon;
				INFOPLIST_FILE = "Schlüssel/Info.plist";
				LD_RUNPATH_SEARCH_PATHS = "$(inherited) @executable_path/Frameworks";
				PRODUCT_NAME = "$(TARGET_NAME)";
			};
			name = Debug;
		};
		D4385A581B8E04B900979F20 /* Release */ = {
			isa = XCBuildConfiguration;
			buildSettings = {
				ASSETCATALOG_COMPILER_APPICON_NAME = AppIcon;
				INFOPLIST_FILE = "Schlüssel/Info.plist";
				LD_RUNPATH_SEARCH_PATHS = "$(inherited) @executable_path/Frameworks";
				PRODUCT_NAME = "$(TARGET_NAME)";
			};
			name = Release;
		};
		D4385A5A1B8E04B900979F20 /* Debug */ = {
			isa = XCBuildConfiguration;
			buildSettings = {
				BUNDLE_LOADER = "$(TEST_HOST)";
				FRAMEWORK_SEARCH_PATHS = (
					"$(SDKROOT)/Developer/Library/Frameworks",
					"$(inherited)",
				);
				GCC_PREPROCESSOR_DEFINITIONS = (
					"DEBUG=1",
					"$(inherited)",
				);
				INFOPLIST_FILE = "SchlüsselTests/Info.plist";
				LD_RUNPATH_SEARCH_PATHS = "$(inherited) @executable_path/Frameworks @loader_path/Frameworks";
				PRODUCT_NAME = "$(TARGET_NAME)";
				TEST_HOST = "$(BUILT_PRODUCTS_DIR)/Schlüssel.app/Schlüssel";
			};
			name = Debug;
		};
		D4385A5B1B8E04B900979F20 /* Release */ = {
			isa = XCBuildConfiguration;
			buildSettings = {
				BUNDLE_LOADER = "$(TEST_HOST)";
				FRAMEWORK_SEARCH_PATHS = (
					"$(SDKROOT)/Developer/Library/Frameworks",
					"$(inherited)",
				);
				INFOPLIST_FILE = "SchlüsselTests/Info.plist";
				LD_RUNPATH_SEARCH_PATHS = "$(inherited) @executable_path/Frameworks @loader_path/Frameworks";
				PRODUCT_NAME = "$(TARGET_NAME)";
				TEST_HOST = "$(BUILT_PRODUCTS_DIR)/Schlüssel.app/Schlüssel";
			};
			name = Release;
		};
/* End XCBuildConfiguration section */

/* Begin XCConfigurationList section */
		D4385A321B8E04B900979F20 /* Build configuration list for PBXProject "Schlüssel" */ = {
			isa = XCConfigurationList;
			buildConfigurations = (
				D4385A541B8E04B900979F20 /* Debug */,
				D4385A551B8E04B900979F20 /* Release */,
			);
			defaultConfigurationIsVisible = 0;
			defaultConfigurationName = Release;
		};
		D4385A561B8E04B900979F20 /* Build configuration list for PBXNativeTarget "Schlüssel" */ = {
			isa = XCConfigurationList;
			buildConfigurations = (
				D4385A571B8E04B900979F20 /* Debug */,
				D4385A581B8E04B900979F20 /* Release */,
			);
			defaultConfigurationIsVisible = 0;
		};
		D4385A591B8E04B900979F20 /* Build configuration list for PBXNativeTarget "SchlüsselTests" */ = {
			isa = XCConfigurationList;
			buildConfigurations = (
				D4385A5A1B8E04B900979F20 /* Debug */,
				D4385A5B1B8E04B900979F20 /* Release */,
			);
			defaultConfigurationIsVisible = 0;
		};
/* End XCConfigurationList section */
	};
	rootObject = D4385A2F1B8E04B900979F20 /* Project object */;
}
